GEM
  remote: https://rubygems.org/
  specs:
    ffi (1.14.2-x64-mingw32)
    listen (3.4.1)
      rb-fsevent (~> 0.10, >= 0.10.3)
      rb-inotify (~> 0.9, >= 0.9.10)
    rb-fsevent (0.10.4)
    rb-inotify (0.10.1)
      ffi (~> 1.0)
    sassc (2.4.0-x64-mingw32)
      ffi (~> 1.9)
    ttfunk (1.7.0)
    wdm (0.1.1)
    zenml (1.6.1)
    zotica (1.6.0)
      sassc (~> 2)
      ttfunk (~> 1)
      zenml (~> 1, >= 1.6.0)

PLATFORMS
  x64-mingw32

DEPENDENCIES
  bundler
  listen
  sassc
  wdm (>= 0.1.0)
  zenml
  zotica

BUNDLED WITH
   2.2.7
